
Microsoft Visual Studio Solution File, Format Version 12.00
# Visual Studio 2013
VisualStudioVersion = 12.0.31101.0
MinimumVisualStudioVersion = 10.0.40219.1
Project("{FAE04EC0-301F-11D3-BF4B-00C04F79EFBC}") = "Tsunagaro", "Tsunagaro.csproj", "{BD1F12AE-1AE9-4D07-BA23-FDA9AE669D8C}"
EndProject
Project("{FAE04EC0-301F-11D3-BF4B-00C04F79EFBC}") = "Squared.Util", "Upstream\Fracture\Squared\Util\Squared.Util.csproj", "{D7F549CF-E0A6-491C-A78C-ECAB590BB2A7}"
EndProject
Project("{FAE04EC0-301F-11D3-BF4B-00C04F79EFBC}") = "Squared.Task.ClientProfile", "Upstream\Fracture\Squared\TaskLib\Squared.Task.ClientProfile.csproj", "{173ABDCA-7278-46FF-A300-D3BF8CCEF181}"
EndProject
Project("{FAE04EC0-301F-11D3-BF4B-00C04F79EFBC}") = "Tsunagaro.InputHook", "InputHook\Tsunagaro.InputHook.csproj", "{A30E53EE-CEDF-46C7-9159-21A51E1B3C37}"
EndProject
Project("{FAE04EC0-301F-11D3-BF4B-00C04F79EFBC}") = "Tsunagaro.Restart", "Restart\Tsunagaro.Restart.csproj", "{67F8CE66-967D-4F9B-AA66-7C2DDD895DCD}"
EndProject
Global
	GlobalSection(SolutionConfigurationPlatforms) = preSolution
		Debug|Any CPU = Debug|Any CPU
		Debug|x86 = Debug|x86
		Mono|Any CPU = Mono|Any CPU
		Mono|x86 = Mono|x86
		Release|Any CPU = Release|Any CPU
		Release|x86 = Release|x86
	EndGlobalSection
	GlobalSection(ProjectConfigurationPlatforms) = postSolution
		{BD1F12AE-1AE9-4D07-BA23-FDA9AE669D8C}.Debug|Any CPU.ActiveCfg = Debug|Any CPU
		{BD1F12AE-1AE9-4D07-BA23-FDA9AE669D8C}.Debug|Any CPU.Build.0 = Debug|Any CPU
		{BD1F12AE-1AE9-4D07-BA23-FDA9AE669D8C}.Debug|x86.ActiveCfg = Debug|Any CPU
		{BD1F12AE-1AE9-4D07-BA23-FDA9AE669D8C}.Mono|Any CPU.ActiveCfg = Release|Any CPU
		{BD1F12AE-1AE9-4D07-BA23-FDA9AE669D8C}.Mono|Any CPU.Build.0 = Release|Any CPU
		{BD1F12AE-1AE9-4D07-BA23-FDA9AE669D8C}.Mono|x86.ActiveCfg = Release|Any CPU
		{BD1F12AE-1AE9-4D07-BA23-FDA9AE669D8C}.Release|Any CPU.ActiveCfg = Release|Any CPU
		{BD1F12AE-1AE9-4D07-BA23-FDA9AE669D8C}.Release|Any CPU.Build.0 = Release|Any CPU
		{BD1F12AE-1AE9-4D07-BA23-FDA9AE669D8C}.Release|x86.ActiveCfg = Release|Any CPU
		{D7F549CF-E0A6-491C-A78C-ECAB590BB2A7}.Debug|Any CPU.ActiveCfg = Debug|Any CPU
		{D7F549CF-E0A6-491C-A78C-ECAB590BB2A7}.Debug|Any CPU.Build.0 = Debug|Any CPU
		{D7F549CF-E0A6-491C-A78C-ECAB590BB2A7}.Debug|x86.ActiveCfg = Debug|x86
		{D7F549CF-E0A6-491C-A78C-ECAB590BB2A7}.Debug|x86.Build.0 = Debug|x86
		{D7F549CF-E0A6-491C-A78C-ECAB590BB2A7}.Mono|Any CPU.ActiveCfg = Mono|Any CPU
		{D7F549CF-E0A6-491C-A78C-ECAB590BB2A7}.Mono|Any CPU.Build.0 = Mono|Any CPU
		{D7F549CF-E0A6-491C-A78C-ECAB590BB2A7}.Mono|x86.ActiveCfg = Mono|x86
		{D7F549CF-E0A6-491C-A78C-ECAB590BB2A7}.Mono|x86.Build.0 = Mono|x86
		{D7F549CF-E0A6-491C-A78C-ECAB590BB2A7}.Release|Any CPU.ActiveCfg = Release|Any CPU
		{D7F549CF-E0A6-491C-A78C-ECAB590BB2A7}.Release|Any CPU.Build.0 = Release|Any CPU
		{D7F549CF-E0A6-491C-A78C-ECAB590BB2A7}.Release|x86.ActiveCfg = Release|x86
		{D7F549CF-E0A6-491C-A78C-ECAB590BB2A7}.Release|x86.Build.0 = Release|x86
		{173ABDCA-7278-46FF-A300-D3BF8CCEF181}.Debug|Any CPU.ActiveCfg = Debug|Any CPU
		{173ABDCA-7278-46FF-A300-D3BF8CCEF181}.Debug|Any CPU.Build.0 = Debug|Any CPU
		{173ABDCA-7278-46FF-A300-D3BF8CCEF181}.Debug|x86.ActiveCfg = Debug|x86
		{173ABDCA-7278-46FF-A300-D3BF8CCEF181}.Debug|x86.Build.0 = Debug|x86
		{173ABDCA-7278-46FF-A300-D3BF8CCEF181}.Mono|Any CPU.ActiveCfg = Mono|Any CPU
		{173ABDCA-7278-46FF-A300-D3BF8CCEF181}.Mono|Any CPU.Build.0 = Mono|Any CPU
		{173ABDCA-7278-46FF-A300-D3BF8CCEF181}.Mono|x86.ActiveCfg = Mono|x86
		{173ABDCA-7278-46FF-A300-D3BF8CCEF181}.Mono|x86.Build.0 = Mono|x86
		{173ABDCA-7278-46FF-A300-D3BF8CCEF181}.Release|Any CPU.ActiveCfg = Release|Any CPU
		{173ABDCA-7278-46FF-A300-D3BF8CCEF181}.Release|Any CPU.Build.0 = Release|Any CPU
		{173ABDCA-7278-46FF-A300-D3BF8CCEF181}.Release|x86.ActiveCfg = Release|x86
		{173ABDCA-7278-46FF-A300-D3BF8CCEF181}.Release|x86.Build.0 = Release|x86
		{A30E53EE-CEDF-46C7-9159-21A51E1B3C37}.Debug|Any CPU.ActiveCfg = Debug|Any CPU
		{A30E53EE-CEDF-46C7-9159-21A51E1B3C37}.Debug|Any CPU.Build.0 = Debug|Any CPU
		{A30E53EE-CEDF-46C7-9159-21A51E1B3C37}.Debug|x86.ActiveCfg = Debug|Any CPU
		{A30E53EE-CEDF-46C7-9159-21A51E1B3C37}.Mono|Any CPU.ActiveCfg = Release|Any CPU
		{A30E53EE-CEDF-46C7-9159-21A51E1B3C37}.Mono|Any CPU.Build.0 = Release|Any CPU
		{A30E53EE-CEDF-46C7-9159-21A51E1B3C37}.Mono|x86.ActiveCfg = Release|Any CPU
		{A30E53EE-CEDF-46C7-9159-21A51E1B3C37}.Release|Any CPU.ActiveCfg = Release|Any CPU
		{A30E53EE-CEDF-46C7-9159-21A51E1B3C37}.Release|Any CPU.Build.0 = Release|Any CPU
		{A30E53EE-CEDF-46C7-9159-21A51E1B3C37}.Release|x86.ActiveCfg = Release|Any CPU
		{67F8CE66-967D-4F9B-AA66-7C2DDD895DCD}.Debug|Any CPU.ActiveCfg = Debug|Any CPU
		{67F8CE66-967D-4F9B-AA66-7C2DDD895DCD}.Debug|Any CPU.Build.0 = Debug|Any CPU
		{67F8CE66-967D-4F9B-AA66-7C2DDD895DCD}.Debug|x86.ActiveCfg = Debug|Any CPU
		{67F8CE66-967D-4F9B-AA66-7C2DDD895DCD}.Mono|Any CPU.ActiveCfg = Release|Any CPU
		{67F8CE66-967D-4F9B-AA66-7C2DDD895DCD}.Mono|Any CPU.Build.0 = Release|Any CPU
		{67F8CE66-967D-4F9B-AA66-7C2DDD895DCD}.Mono|x86.ActiveCfg = Release|Any CPU
		{67F8CE66-967D-4F9B-AA66-7C2DDD895DCD}.Release|Any CPU.ActiveCfg = Release|Any CPU
		{67F8CE66-967D-4F9B-AA66-7C2DDD895DCD}.Release|Any CPU.Build.0 = Release|Any CPU
		{67F8CE66-967D-4F9B-AA66-7C2DDD895DCD}.Release|x86.ActiveCfg = Release|Any CPU
	EndGlobalSection
	GlobalSection(SolutionProperties) = preSolution
		HideSolutionNode = FALSE
	EndGlobalSection
EndGlobal
